
Microsoft Visual Studio Solution File, Format Version 12.00
# Visual Studio Version 17
VisualStudioVersion = 17.1.32228.430
MinimumVisualStudioVersion = 10.0.40219.1
Project("{FAE04EC0-301F-11D3-BF4B-00C04F79EFBC}") = "double_linked_list", "double_linked_list\double_linked_list.csproj", "{F482D3DE-6327-4BCC-9F97-00C21E821684}"
EndProject
Global
	GlobalSection(SolutionConfigurationPlatforms) = preSolution
		Debug|Any CPU = Debug|Any CPU
		Release|Any CPU = Release|Any CPU
	EndGlobalSection
	GlobalSection(ProjectConfigurationPlatforms) = postSolution
		{F482D3DE-6327-4BCC-9F97-00C21E821684}.Debug|Any CPU.ActiveCfg = Debug|Any CPU
		{F482D3DE-6327-4BCC-9F97-00C21E821684}.Debug|Any CPU.Build.0 = Debug|Any CPU
		{F482D3DE-6327-4BCC-9F97-00C21E821684}.Release|Any CPU.ActiveCfg = Release|Any CPU
		{F482D3DE-6327-4BCC-9F97-00C21E821684}.Release|Any CPU.Build.0 = Release|Any CPU
	EndGlobalSection
	GlobalSection(SolutionProperties) = preSolution
		HideSolutionNode = FALSE
	EndGlobalSection
	GlobalSection(ExtensibilityGlobals) = postSolution
		SolutionGuid = {68608610-4F09-487E-8C22-4F351BD8AD8D}
	EndGlobalSection
EndGlobal
